
Microsoft Visual Studio Solution File, Format Version 12.00
# Visual Studio Version 17
VisualStudioVersion = 17.8.34330.188
MinimumVisualStudioVersion = 10.0.40219.1
Project("{FAE04EC0-301F-11D3-BF4B-00C04F79EFBC}") = "BenediktuvProstouchavac", "BenediktuvProstouchavac\BenediktuvProstouchavac.csproj", "{C8A3D5C2-688C-477C-98FA-63167F1DAC4F}"
EndProject
Global
	GlobalSection(SolutionConfigurationPlatforms) = preSolution
		Debug|Any CPU = Debug|Any CPU
		Release|Any CPU = Release|Any CPU
	EndGlobalSection
	GlobalSection(ProjectConfigurationPlatforms) = postSolution
		{C8A3D5C2-688C-477C-98FA-63167F1DAC4F}.Debug|Any CPU.ActiveCfg = Debug|Any CPU
		{C8A3D5C2-688C-477C-98FA-63167F1DAC4F}.Debug|Any CPU.Build.0 = Debug|Any CPU
		{C8A3D5C2-688C-477C-98FA-63167F1DAC4F}.Release|Any CPU.ActiveCfg = Release|Any CPU
		{C8A3D5C2-688C-477C-98FA-63167F1DAC4F}.Release|Any CPU.Build.0 = Release|Any CPU
	EndGlobalSection
	GlobalSection(SolutionProperties) = preSolution
		HideSolutionNode = FALSE
	EndGlobalSection
	GlobalSection(ExtensibilityGlobals) = postSolution
		SolutionGuid = {A1A32039-850E-4332-A8FB-27F2D20088DF}
	EndGlobalSection
EndGlobal
